// !$*UTF8*$!
{
	archiveVersion = 1;
	classes = {
	};
	objectVersion = 50;
	objects = {

/* Begin PBXBuildFile section */
		F2410EB622E104D7004BB84A /* AppDelegate.swift in Sources */ = {isa = PBXBuildFile; fileRef = F2410EB522E104D7004BB84A /* AppDelegate.swift */; };
		F2410EB822E104D7004BB84A /* MainViewController.swift in Sources */ = {isa = PBXBuildFile; fileRef = F2410EB722E104D7004BB84A /* MainViewController.swift */; };
		F2410EBB22E104D7004BB84A /* Main.storyboard in Resources */ = {isa = PBXBuildFile; fileRef = F2410EB922E104D7004BB84A /* Main.storyboard */; };
		F2410EBE22E104D7004BB84A /* MCI.xcdatamodeld in Sources */ = {isa = PBXBuildFile; fileRef = F2410EBC22E104D7004BB84A /* MCI.xcdatamodeld */; };
		F2410EC022E104D9004BB84A /* Assets.xcassets in Resources */ = {isa = PBXBuildFile; fileRef = F2410EBF22E104D9004BB84A /* Assets.xcassets */; };
		F2410EC322E104D9004BB84A /* LaunchScreen.storyboard in Resources */ = {isa = PBXBuildFile; fileRef = F2410EC122E104D9004BB84A /* LaunchScreen.storyboard */; };
		F2410ED622E231FA004BB84A /* ScrollableBottomSheetViewController.swift in Sources */ = {isa = PBXBuildFile; fileRef = F2410ED422E231FA004BB84A /* ScrollableBottomSheetViewController.swift */; };
		F2848CAF22F4C18C00D75EA7 /* DataModifiedDelegate.swift in Sources */ = {isa = PBXBuildFile; fileRef = F2848CAE22F4C18C00D75EA7 /* DataModifiedDelegate.swift */; };
		F2848CB122F4C3E200D75EA7 /* ModelStatus.swift in Sources */ = {isa = PBXBuildFile; fileRef = F2848CB022F4C3E200D75EA7 /* ModelStatus.swift */; };
		F293375A22F4B8D1009DFC80 /* Item+CoreDataClass.swift in Sources */ = {isa = PBXBuildFile; fileRef = F293375822F4B8D1009DFC80 /* Item+CoreDataClass.swift */; };
		F293375B22F4B8D1009DFC80 /* Item+CoreDataProperties.swift in Sources */ = {isa = PBXBuildFile; fileRef = F293375922F4B8D1009DFC80 /* Item+CoreDataProperties.swift */; };
		F293375E22F4C006009DFC80 /* ModelManager.swift in Sources */ = {isa = PBXBuildFile; fileRef = F293375D22F4C006009DFC80 /* ModelManager.swift */; };
		F2A26D4422F77CA800A41C4B /* Settings.bundle in Resources */ = {isa = PBXBuildFile; fileRef = F2A26D4322F77CA800A41C4B /* Settings.bundle */; };
		F2A26D4622F7813F00A41C4B /* SettingsBundleHelper.swift in Sources */ = {isa = PBXBuildFile; fileRef = F2A26D4522F7813F00A41C4B /* SettingsBundleHelper.swift */; };
		F2A26D4C22F7A52700A41C4B /* NotificationsManager.swift in Sources */ = {isa = PBXBuildFile; fileRef = F2A26D4B22F7A52700A41C4B /* NotificationsManager.swift */; };
		F2D23EC122FB4F090023CFC2 /* ScrollableBottomSheetViewController.xib in Resources */ = {isa = PBXBuildFile; fileRef = F2D23EC322FB4F090023CFC2 /* ScrollableBottomSheetViewController.xib */; };
		F2D23ECA22FB4F340023CFC2 /* DefaultTableViewCell.xib in Resources */ = {isa = PBXBuildFile; fileRef = F2D23ECC22FB4F340023CFC2 /* DefaultTableViewCell.xib */; };
		F2D532D222E24C0200E0800A /* DefaultTableViewCell.swift in Sources */ = {isa = PBXBuildFile; fileRef = F2D532D022E24C0200E0800A /* DefaultTableViewCell.swift */; };
/* End PBXBuildFile section */

/* Begin PBXFileReference section */
		F2410EB222E104D7004BB84A /* MCI.app */ = {isa = PBXFileReference; explicitFileType = wrapper.application; includeInIndex = 0; path = MCI.app; sourceTree = BUILT_PRODUCTS_DIR; };
		F2410EB522E104D7004BB84A /* AppDelegate.swift */ = {isa = PBXFileReference; lastKnownFileType = sourcecode.swift; path = AppDelegate.swift; sourceTree = "<group>"; };
		F2410EB722E104D7004BB84A /* MainViewController.swift */ = {isa = PBXFileReference; lastKnownFileType = sourcecode.swift; path = MainViewController.swift; sourceTree = "<group>"; };
		F2410EBA22E104D7004BB84A /* Base */ = {isa = PBXFileReference; lastKnownFileType = file.storyboard; name = Base; path = Base.lproj/Main.storyboard; sourceTree = "<group>"; };
		F2410EBD22E104D7004BB84A /* MCI.xcdatamodel */ = {isa = PBXFileReference; lastKnownFileType = wrapper.xcdatamodel; path = MCI.xcdatamodel; sourceTree = "<group>"; };
		F2410EBF22E104D9004BB84A /* Assets.xcassets */ = {isa = PBXFileReference; lastKnownFileType = folder.assetcatalog; path = Assets.xcassets; sourceTree = "<group>"; };
		F2410EC222E104D9004BB84A /* Base */ = {isa = PBXFileReference; lastKnownFileType = file.storyboard; name = Base; path = Base.lproj/LaunchScreen.storyboard; sourceTree = "<group>"; };
		F2410EC422E104D9004BB84A /* Info.plist */ = {isa = PBXFileReference; lastKnownFileType = text.plist.xml; path = Info.plist; sourceTree = "<group>"; };
		F2410ED422E231FA004BB84A /* ScrollableBottomSheetViewController.swift */ = {isa = PBXFileReference; lastKnownFileType = sourcecode.swift; path = ScrollableBottomSheetViewController.swift; sourceTree = "<group>"; };
		F2848CAE22F4C18C00D75EA7 /* DataModifiedDelegate.swift */ = {isa = PBXFileReference; lastKnownFileType = sourcecode.swift; path = DataModifiedDelegate.swift; sourceTree = "<group>"; };
		F2848CB022F4C3E200D75EA7 /* ModelStatus.swift */ = {isa = PBXFileReference; lastKnownFileType = sourcecode.swift; path = ModelStatus.swift; sourceTree = "<group>"; };
		F293375822F4B8D1009DFC80 /* Item+CoreDataClass.swift */ = {isa = PBXFileReference; lastKnownFileType = sourcecode.swift; path = "Item+CoreDataClass.swift"; sourceTree = "<group>"; };
		F293375922F4B8D1009DFC80 /* Item+CoreDataProperties.swift */ = {isa = PBXFileReference; lastKnownFileType = sourcecode.swift; path = "Item+CoreDataProperties.swift"; sourceTree = "<group>"; };
		F293375D22F4C006009DFC80 /* ModelManager.swift */ = {isa = PBXFileReference; explicitFileType = sourcecode.swift; path = ModelManager.swift; sourceTree = "<group>"; };
		F2A26D4322F77CA800A41C4B /* Settings.bundle */ = {isa = PBXFileReference; lastKnownFileType = "wrapper.plug-in"; name = Settings.bundle; path = MCI/Settings.bundle; sourceTree = SOURCE_ROOT; };
		F2A26D4522F7813F00A41C4B /* SettingsBundleHelper.swift */ = {isa = PBXFileReference; lastKnownFileType = sourcecode.swift; path = SettingsBundleHelper.swift; sourceTree = "<group>"; };
		F2A26D4B22F7A52700A41C4B /* NotificationsManager.swift */ = {isa = PBXFileReference; lastKnownFileType = sourcecode.swift; path = NotificationsManager.swift; sourceTree = "<group>"; };
		F2D23EBD22FB4E8F0023CFC2 /* en-GB */ = {isa = PBXFileReference; lastKnownFileType = text.plist.strings; name = "en-GB"; path = "en-GB.lproj/Main.strings"; sourceTree = "<group>"; };
		F2D23EBE22FB4E960023CFC2 /* pt-BR */ = {isa = PBXFileReference; lastKnownFileType = text.plist.strings; name = "pt-BR"; path = "pt-BR.lproj/Main.strings"; sourceTree = "<group>"; };
		F2D23EC022FB4ED70023CFC2 /* en */ = {isa = PBXFileReference; lastKnownFileType = text.plist.strings; name = en; path = en.lproj/Main.strings; sourceTree = "<group>"; };
		F2D23EC222FB4F090023CFC2 /* Base */ = {isa = PBXFileReference; lastKnownFileType = file.xib; name = Base; path = Base.lproj/ScrollableBottomSheetViewController.xib; sourceTree = "<group>"; };
		F2D23EC522FB4F0F0023CFC2 /* en */ = {isa = PBXFileReference; lastKnownFileType = text.plist.strings; name = en; path = en.lproj/ScrollableBottomSheetViewController.strings; sourceTree = "<group>"; };
		F2D23EC722FB4F100023CFC2 /* en-GB */ = {isa = PBXFileReference; lastKnownFileType = text.plist.strings; name = "en-GB"; path = "en-GB.lproj/ScrollableBottomSheetViewController.strings"; sourceTree = "<group>"; };
		F2D23EC922FB4F120023CFC2 /* pt-BR */ = {isa = PBXFileReference; lastKnownFileType = text.plist.strings; name = "pt-BR"; path = "pt-BR.lproj/ScrollableBottomSheetViewController.strings"; sourceTree = "<group>"; };
		F2D23ECB22FB4F340023CFC2 /* Base */ = {isa = PBXFileReference; lastKnownFileType = file.xib; name = Base; path = Base.lproj/DefaultTableViewCell.xib; sourceTree = "<group>"; };
		F2D23ECE22FB4F390023CFC2 /* en */ = {isa = PBXFileReference; lastKnownFileType = text.plist.strings; name = en; path = en.lproj/DefaultTableViewCell.strings; sourceTree = "<group>"; };
		F2D23ED022FB4F3A0023CFC2 /* en-GB */ = {isa = PBXFileReference; lastKnownFileType = text.plist.strings; name = "en-GB"; path = "en-GB.lproj/DefaultTableViewCell.strings"; sourceTree = "<group>"; };
		F2D23ED222FB4F3B0023CFC2 /* pt-BR */ = {isa = PBXFileReference; lastKnownFileType = text.plist.strings; name = "pt-BR"; path = "pt-BR.lproj/DefaultTableViewCell.strings"; sourceTree = "<group>"; };
		F2D532D022E24C0200E0800A /* DefaultTableViewCell.swift */ = {isa = PBXFileReference; lastKnownFileType = sourcecode.swift; path = DefaultTableViewCell.swift; sourceTree = "<group>"; };
/* End PBXFileReference section */

/* Begin PBXFrameworksBuildPhase section */
		F2410EAF22E104D7004BB84A /* Frameworks */ = {
			isa = PBXFrameworksBuildPhase;
			buildActionMask = 2147483647;
			files = (
			);
			runOnlyForDeploymentPostprocessing = 0;
		};
/* End PBXFrameworksBuildPhase section */

/* Begin PBXGroup section */
		F2410EA922E104D7004BB84A = {
			isa = PBXGroup;
			children = (
				F2410EB422E104D7004BB84A /* MCI */,
				F2410EB322E104D7004BB84A /* Products */,
			);
			sourceTree = "<group>";
		};
		F2410EB322E104D7004BB84A /* Products */ = {
			isa = PBXGroup;
			children = (
				F2410EB222E104D7004BB84A /* MCI.app */,
			);
			name = Products;
			sourceTree = "<group>";
		};
		F2410EB422E104D7004BB84A /* MCI */ = {
			isa = PBXGroup;
			children = (
				F293375C22F4B914009DFC80 /* Model */,
				F2410ED322E110E7004BB84A /* Views */,
				F2410ED222E10BBE004BB84A /* Controllers */,
				F293375F22F4C02B009DFC80 /* Subclasses */,
				F2410EB522E104D7004BB84A /* AppDelegate.swift */,
				F2A26D4322F77CA800A41C4B /* Settings.bundle */,
				F2410EC422E104D9004BB84A /* Info.plist */,
				F2410EBF22E104D9004BB84A /* Assets.xcassets */,
				F2410EBC22E104D7004BB84A /* MCI.xcdatamodeld */,
			);
			path = MCI;
			sourceTree = "<group>";
		};
		F2410ED222E10BBE004BB84A /* Controllers */ = {
			isa = PBXGroup;
			children = (
				F2410EB722E104D7004BB84A /* MainViewController.swift */,
				F2410ED422E231FA004BB84A /* ScrollableBottomSheetViewController.swift */,
				F2D532D022E24C0200E0800A /* DefaultTableViewCell.swift */,
			);
			path = Controllers;
			sourceTree = "<group>";
		};
		F2410ED322E110E7004BB84A /* Views */ = {
			isa = PBXGroup;
			children = (
				F2410EC122E104D9004BB84A /* LaunchScreen.storyboard */,
				F2410EB922E104D7004BB84A /* Main.storyboard */,
				F2D23EC322FB4F090023CFC2 /* ScrollableBottomSheetViewController.xib */,
				F2D23ECC22FB4F340023CFC2 /* DefaultTableViewCell.xib */,
			);
			path = Views;
			sourceTree = "<group>";
		};
		F293375C22F4B914009DFC80 /* Model */ = {
			isa = PBXGroup;
			children = (
				F293375822F4B8D1009DFC80 /* Item+CoreDataClass.swift */,
				F293375922F4B8D1009DFC80 /* Item+CoreDataProperties.swift */,
			);
			path = Model;
			sourceTree = "<group>";
		};
		F293375F22F4C02B009DFC80 /* Subclasses */ = {
			isa = PBXGroup;
			children = (
				F2A26D4522F7813F00A41C4B /* SettingsBundleHelper.swift */,
				F2A26D4B22F7A52700A41C4B /* NotificationsManager.swift */,
				F293375D22F4C006009DFC80 /* ModelManager.swift */,
				F2848CB022F4C3E200D75EA7 /* ModelStatus.swift */,
				F2848CAE22F4C18C00D75EA7 /* DataModifiedDelegate.swift */,
			);
			path = Subclasses;
			sourceTree = "<group>";
		};
/* End PBXGroup section */

/* Begin PBXNativeTarget section */
		F2410EB122E104D7004BB84A /* MCI */ = {
			isa = PBXNativeTarget;
			buildConfigurationList = F2410EC722E104D9004BB84A /* Build configuration list for PBXNativeTarget "MCI" */;
			buildPhases = (
				F2410EAE22E104D7004BB84A /* Sources */,
				F2410EAF22E104D7004BB84A /* Frameworks */,
				F2410EB022E104D7004BB84A /* Resources */,
			);
			buildRules = (
			);
			dependencies = (
			);
			name = MCI;
			productName = MCI;
			productReference = F2410EB222E104D7004BB84A /* MCI.app */;
			productType = "com.apple.product-type.application";
		};
/* End PBXNativeTarget section */

/* Begin PBXProject section */
		F2410EAA22E104D7004BB84A /* Project object */ = {
			isa = PBXProject;
			attributes = {
				LastSwiftUpdateCheck = 1020;
				LastUpgradeCheck = 1020;
				ORGANIZATIONNAME = "Rafael Galdino";
				TargetAttributes = {
					F2410EB122E104D7004BB84A = {
						CreatedOnToolsVersion = 10.2.1;
					};
				};
			};
			buildConfigurationList = F2410EAD22E104D7004BB84A /* Build configuration list for PBXProject "MCI" */;
			compatibilityVersion = "Xcode 9.3";
			developmentRegion = en;
			hasScannedForEncodings = 0;
			knownRegions = (
				en,
				Base,
				"en-GB",
				"pt-BR",
			);
			mainGroup = F2410EA922E104D7004BB84A;
			productRefGroup = F2410EB322E104D7004BB84A /* Products */;
			projectDirPath = "";
			projectRoot = "";
			targets = (
				F2410EB122E104D7004BB84A /* MCI */,
			);
		};
/* End PBXProject section */

/* Begin PBXResourcesBuildPhase section */
		F2410EB022E104D7004BB84A /* Resources */ = {
			isa = PBXResourcesBuildPhase;
			buildActionMask = 2147483647;
			files = (
				F2410EC322E104D9004BB84A /* LaunchScreen.storyboard in Resources */,
				F2410EC022E104D9004BB84A /* Assets.xcassets in Resources */,
				F2D23EC122FB4F090023CFC2 /* ScrollableBottomSheetViewController.xib in Resources */,
				F2410EBB22E104D7004BB84A /* Main.storyboard in Resources */,
				F2A26D4422F77CA800A41C4B /* Settings.bundle in Resources */,
				F2D23ECA22FB4F340023CFC2 /* DefaultTableViewCell.xib in Resources */,
			);
			runOnlyForDeploymentPostprocessing = 0;
		};
/* End PBXResourcesBuildPhase section */

/* Begin PBXSourcesBuildPhase section */
		F2410EAE22E104D7004BB84A /* Sources */ = {
			isa = PBXSourcesBuildPhase;
			buildActionMask = 2147483647;
			files = (
				F293375B22F4B8D1009DFC80 /* Item+CoreDataProperties.swift in Sources */,
				F293375A22F4B8D1009DFC80 /* Item+CoreDataClass.swift in Sources */,
				F2A26D4C22F7A52700A41C4B /* NotificationsManager.swift in Sources */,
				F2410ED622E231FA004BB84A /* ScrollableBottomSheetViewController.swift in Sources */,
				F2848CB122F4C3E200D75EA7 /* ModelStatus.swift in Sources */,
				F2D532D222E24C0200E0800A /* DefaultTableViewCell.swift in Sources */,
				F2410EBE22E104D7004BB84A /* MCI.xcdatamodeld in Sources */,
				F293375E22F4C006009DFC80 /* ModelManager.swift in Sources */,
				F2410EB822E104D7004BB84A /* MainViewController.swift in Sources */,
				F2A26D4622F7813F00A41C4B /* SettingsBundleHelper.swift in Sources */,
				F2848CAF22F4C18C00D75EA7 /* DataModifiedDelegate.swift in Sources */,
				F2410EB622E104D7004BB84A /* AppDelegate.swift in Sources */,
			);
			runOnlyForDeploymentPostprocessing = 0;
		};
/* End PBXSourcesBuildPhase section */

/* Begin PBXVariantGroup section */
		F2410EB922E104D7004BB84A /* Main.storyboard */ = {
			isa = PBXVariantGroup;
			children = (
				F2410EBA22E104D7004BB84A /* Base */,
				F2D23EBD22FB4E8F0023CFC2 /* en-GB */,
				F2D23EBE22FB4E960023CFC2 /* pt-BR */,
				F2D23EC022FB4ED70023CFC2 /* en */,
			);
			name = Main.storyboard;
			sourceTree = "<group>";
		};
		F2410EC122E104D9004BB84A /* LaunchScreen.storyboard */ = {
			isa = PBXVariantGroup;
			children = (
				F2410EC222E104D9004BB84A /* Base */,
			);
			name = LaunchScreen.storyboard;
			sourceTree = "<group>";
		};
		F2D23EC322FB4F090023CFC2 /* ScrollableBottomSheetViewController.xib */ = {
			isa = PBXVariantGroup;
			children = (
				F2D23EC222FB4F090023CFC2 /* Base */,
				F2D23EC522FB4F0F0023CFC2 /* en */,
				F2D23EC722FB4F100023CFC2 /* en-GB */,
				F2D23EC922FB4F120023CFC2 /* pt-BR */,
			);
			name = ScrollableBottomSheetViewController.xib;
			path = MCI/Controllers;
			sourceTree = SOURCE_ROOT;
		};
		F2D23ECC22FB4F340023CFC2 /* DefaultTableViewCell.xib */ = {
			isa = PBXVariantGroup;
			children = (
				F2D23ECB22FB4F340023CFC2 /* Base */,
				F2D23ECE22FB4F390023CFC2 /* en */,
				F2D23ED022FB4F3A0023CFC2 /* en-GB */,
				F2D23ED222FB4F3B0023CFC2 /* pt-BR */,
			);
			name = DefaultTableViewCell.xib;
			path = MCI/Controllers;
			sourceTree = SOURCE_ROOT;
		};
/* End PBXVariantGroup section */

/* Begin XCBuildConfiguration section */
		F2410EC522E104D9004BB84A /* Debug */ = {
			isa = XCBuildConfiguration;
			buildSettings = {
				ALWAYS_SEARCH_USER_PATHS = NO;
				CLANG_ANALYZER_LOCALIZABILITY_NONLOCALIZED = YES;
				CLANG_ANALYZER_NONNULL = YES;
				CLANG_ANALYZER_NUMBER_OBJECT_CONVERSION = YES_AGGRESSIVE;
				CLANG_CXX_LANGUAGE_STANDARD = "gnu++14";
				CLANG_CXX_LIBRARY = "libc++";
				CLANG_ENABLE_MODULES = YES;
				CLANG_ENABLE_OBJC_ARC = YES;
				CLANG_ENABLE_OBJC_WEAK = YES;
				CLANG_WARN_BLOCK_CAPTURE_AUTORELEASING = YES;
				CLANG_WARN_BOOL_CONVERSION = YES;
				CLANG_WARN_COMMA = YES;
				CLANG_WARN_CONSTANT_CONVERSION = YES;
				CLANG_WARN_DEPRECATED_OBJC_IMPLEMENTATIONS = YES;
				CLANG_WARN_DIRECT_OBJC_ISA_USAGE = YES_ERROR;
				CLANG_WARN_DOCUMENTATION_COMMENTS = YES;
				CLANG_WARN_EMPTY_BODY = YES;
				CLANG_WARN_ENUM_CONVERSION = YES;
				CLANG_WARN_INFINITE_RECURSION = YES;
				CLANG_WARN_INT_CONVERSION = YES;
				CLANG_WARN_NON_LITERAL_NULL_CONVERSION = YES;
				CLANG_WARN_OBJC_IMPLICIT_RETAIN_SELF = YES;
				CLANG_WARN_OBJC_LITERAL_CONVERSION = YES;
				CLANG_WARN_OBJC_ROOT_CLASS = YES_ERROR;
				CLANG_WARN_RANGE_LOOP_ANALYSIS = YES;
				CLANG_WARN_STRICT_PROTOTYPES = YES;
				CLANG_WARN_SUSPICIOUS_MOVE = YES;
				CLANG_WARN_UNGUARDED_AVAILABILITY = YES_AGGRESSIVE;
				CLANG_WARN_UNREACHABLE_CODE = YES;
				CLANG_WARN__DUPLICATE_METHOD_MATCH = YES;
				CODE_SIGN_IDENTITY = "iPhone Developer";
				COPY_PHASE_STRIP = NO;
				DEBUG_INFORMATION_FORMAT = dwarf;
				ENABLE_STRICT_OBJC_MSGSEND = YES;
				ENABLE_TESTABILITY = YES;
				GCC_C_LANGUAGE_STANDARD = gnu11;
				GCC_DYNAMIC_NO_PIC = NO;
				GCC_NO_COMMON_BLOCKS = YES;
				GCC_OPTIMIZATION_LEVEL = 0;
				GCC_PREPROCESSOR_DEFINITIONS = (
					"DEBUG=1",
					"$(inherited)",
				);
				GCC_WARN_64_TO_32_BIT_CONVERSION = YES;
				GCC_WARN_ABOUT_RETURN_TYPE = YES_ERROR;
				GCC_WARN_UNDECLARED_SELECTOR = YES;
				GCC_WARN_UNINITIALIZED_AUTOS = YES_AGGRESSIVE;
				GCC_WARN_UNUSED_FUNCTION = YES;
				GCC_WARN_UNUSED_VARIABLE = YES;
				IPHONEOS_DEPLOYMENT_TARGET = 12.2;
				MTL_ENABLE_DEBUG_INFO = INCLUDE_SOURCE;
				MTL_FAST_MATH = YES;
				ONLY_ACTIVE_ARCH = YES;
				SDKROOT = iphoneos;
				SWIFT_ACTIVE_COMPILATION_CONDITIONS = DEBUG;
				SWIFT_OPTIMIZATION_LEVEL = "-Onone";
			};
			name = Debug;
		};
		F2410EC622E104D9004BB84A /* Release */ = {
			isa = XCBuildConfiguration;
			buildSettings = {
				ALWAYS_SEARCH_USER_PATHS = NO;
				CLANG_ANALYZER_LOCALIZABILITY_NONLOCALIZED = YES;
				CLANG_ANALYZER_NONNULL = YES;
				CLANG_ANALYZER_NUMBER_OBJECT_CONVERSION = YES_AGGRESSIVE;
				CLANG_CXX_LANGUAGE_STANDARD = "gnu++14";
				CLANG_CXX_LIBRARY = "libc++";
				CLANG_ENABLE_MODULES = YES;
				CLANG_ENABLE_OBJC_ARC = YES;
				CLANG_ENABLE_OBJC_WEAK = YES;
				CLANG_WARN_BLOCK_CAPTURE_AUTORELEASING = YES;
				CLANG_WARN_BOOL_CONVERSION = YES;
				CLANG_WARN_COMMA = YES;
				CLANG_WARN_CONSTANT_CONVERSION = YES;
				CLANG_WARN_DEPRECATED_OBJC_IMPLEMENTATIONS = YES;
				CLANG_WARN_DIRECT_OBJC_ISA_USAGE = YES_ERROR;
				CLANG_WARN_DOCUMENTATION_COMMENTS = YES;
				CLANG_WARN_EMPTY_BODY = YES;
				CLANG_WARN_ENUM_CONVERSION = YES;
				CLANG_WARN_INFINITE_RECURSION = YES;
				CLANG_WARN_INT_CONVERSION = YES;
				CLANG_WARN_NON_LITERAL_NULL_CONVERSION = YES;
				CLANG_WARN_OBJC_IMPLICIT_RETAIN_SELF = YES;
				CLANG_WARN_OBJC_LITERAL_CONVERSION = YES;
				CLANG_WARN_OBJC_ROOT_CLASS = YES_ERROR;
				CLANG_WARN_RANGE_LOOP_ANALYSIS = YES;
				CLANG_WARN_STRICT_PROTOTYPES = YES;
				CLANG_WARN_SUSPICIOUS_MOVE = YES;
				CLANG_WARN_UNGUARDED_AVAILABILITY = YES_AGGRESSIVE;
				CLANG_WARN_UNREACHABLE_CODE = YES;
				CLANG_WARN__DUPLICATE_METHOD_MATCH = YES;
				CODE_SIGN_IDENTITY = "iPhone Developer";
				COPY_PHASE_STRIP = NO;
				DEBUG_INFORMATION_FORMAT = "dwarf-with-dsym";
				ENABLE_NS_ASSERTIONS = NO;
				ENABLE_STRICT_OBJC_MSGSEND = YES;
				GCC_C_LANGUAGE_STANDARD = gnu11;
				GCC_NO_COMMON_BLOCKS = YES;
				GCC_WARN_64_TO_32_BIT_CONVERSION = YES;
				GCC_WARN_ABOUT_RETURN_TYPE = YES_ERROR;
				GCC_WARN_UNDECLARED_SELECTOR = YES;
				GCC_WARN_UNINITIALIZED_AUTOS = YES_AGGRESSIVE;
				GCC_WARN_UNUSED_FUNCTION = YES;
				GCC_WARN_UNUSED_VARIABLE = YES;
				IPHONEOS_DEPLOYMENT_TARGET = 12.2;
				MTL_ENABLE_DEBUG_INFO = NO;
				MTL_FAST_MATH = YES;
				SDKROOT = iphoneos;
				SWIFT_COMPILATION_MODE = wholemodule;
				SWIFT_OPTIMIZATION_LEVEL = "-O";
				VALIDATE_PRODUCT = YES;
			};
			name = Release;
		};
		F2410EC822E104D9004BB84A /* Debug */ = {
			isa = XCBuildConfiguration;
			buildSettings = {
				ASSETCATALOG_COMPILER_APPICON_NAME = AppIcon;
				CODE_SIGN_STYLE = Automatic;
				DEVELOPMENT_TEAM = RAZG7U3SR6;
				INFOPLIST_FILE = MCI/Info.plist;
				LD_RUNPATH_SEARCH_PATHS = (
					"$(inherited)",
					"@executable_path/Frameworks",
				);
				PRODUCT_BUNDLE_IDENTIFIER = Galdineris.MCI;
				PRODUCT_NAME = "$(TARGET_NAME)";
				SWIFT_VERSION = 5.0;
				TARGETED_DEVICE_FAMILY = "1,2";
			};
			name = Debug;
		};
		F2410EC922E104D9004BB84A /* Release */ = {
			isa = XCBuildConfiguration;
			buildSettings = {
				ASSETCATALOG_COMPILER_APPICON_NAME = AppIcon;
				CODE_SIGN_STYLE = Automatic;
				DEVELOPMENT_TEAM = RAZG7U3SR6;
				INFOPLIST_FILE = MCI/Info.plist;
				LD_RUNPATH_SEARCH_PATHS = (
					"$(inherited)",
					"@executable_path/Frameworks",
				);
				PRODUCT_BUNDLE_IDENTIFIER = Galdineris.MCI;
				PRODUCT_NAME = "$(TARGET_NAME)";
				SWIFT_VERSION = 5.0;
				TARGETED_DEVICE_FAMILY = "1,2";
			};
			name = Release;
		};
/* End XCBuildConfiguration section */

/* Begin XCConfigurationList section */
		F2410EAD22E104D7004BB84A /* Build configuration list for PBXProject "MCI" */ = {
			isa = XCConfigurationList;
			buildConfigurations = (
				F2410EC522E104D9004BB84A /* Debug */,
				F2410EC622E104D9004BB84A /* Release */,
			);
			defaultConfigurationIsVisible = 0;
			defaultConfigurationName = Release;
		};
		F2410EC722E104D9004BB84A /* Build configuration list for PBXNativeTarget "MCI" */ = {
			isa = XCConfigurationList;
			buildConfigurations = (
				F2410EC822E104D9004BB84A /* Debug */,
				F2410EC922E104D9004BB84A /* Release */,
			);
			defaultConfigurationIsVisible = 0;
			defaultConfigurationName = Release;
		};
/* End XCConfigurationList section */

/* Begin XCVersionGroup section */
		F2410EBC22E104D7004BB84A /* MCI.xcdatamodeld */ = {
			isa = XCVersionGroup;
			children = (
				F2410EBD22E104D7004BB84A /* MCI.xcdatamodel */,
			);
			currentVersion = F2410EBD22E104D7004BB84A /* MCI.xcdatamodel */;
			path = MCI.xcdatamodeld;
			sourceTree = "<group>";
			versionGroupType = wrapper.xcdatamodel;
		};
/* End XCVersionGroup section */
	};
	rootObject = F2410EAA22E104D7004BB84A /* Project object */;
}
